
Microsoft Visual Studio Solution File, Format Version 12.00
# Visual Studio Version 17
VisualStudioVersion = 17.2.32616.157
MinimumVisualStudioVersion = 10.0.40219.1
Project("{FAE04EC0-301F-11D3-BF4B-00C04F79EFBC}") = "GMToolset.Presentation", "GMToolset.Presentation\GMToolset.Presentation.csproj", "{5A8EE1F2-1CE6-4705-8A84-D4C0810A4C69}"
EndProject
Project("{FAE04EC0-301F-11D3-BF4B-00C04F79EFBC}") = "GMToolset.Data", "GMToolset.Data\GMToolset.Data.csproj", "{4A76B84F-E430-4EEF-8405-9312AE966C5B}"
EndProject
Project("{FAE04EC0-301F-11D3-BF4B-00C04F79EFBC}") = "GMToolset.Services", "GMToolset.Services\GMToolset.Services.csproj", "{9B118FA8-2715-47D7-B1C7-0DB5531C956E}"
EndProject
Global
	GlobalSection(SolutionConfigurationPlatforms) = preSolution
		Debug|Any CPU = Debug|Any CPU
		Release|Any CPU = Release|Any CPU
	EndGlobalSection
	GlobalSection(ProjectConfigurationPlatforms) = postSolution
		{5A8EE1F2-1CE6-4705-8A84-D4C0810A4C69}.Debug|Any CPU.ActiveCfg = Debug|Any CPU
		{5A8EE1F2-1CE6-4705-8A84-D4C0810A4C69}.Debug|Any CPU.Build.0 = Debug|Any CPU
		{5A8EE1F2-1CE6-4705-8A84-D4C0810A4C69}.Release|Any CPU.ActiveCfg = Release|Any CPU
		{5A8EE1F2-1CE6-4705-8A84-D4C0810A4C69}.Release|Any CPU.Build.0 = Release|Any CPU
		{4A76B84F-E430-4EEF-8405-9312AE966C5B}.Debug|Any CPU.ActiveCfg = Debug|Any CPU
		{4A76B84F-E430-4EEF-8405-9312AE966C5B}.Debug|Any CPU.Build.0 = Debug|Any CPU
		{4A76B84F-E430-4EEF-8405-9312AE966C5B}.Release|Any CPU.ActiveCfg = Release|Any CPU
		{4A76B84F-E430-4EEF-8405-9312AE966C5B}.Release|Any CPU.Build.0 = Release|Any CPU
		{9B118FA8-2715-47D7-B1C7-0DB5531C956E}.Debug|Any CPU.ActiveCfg = Debug|Any CPU
		{9B118FA8-2715-47D7-B1C7-0DB5531C956E}.Debug|Any CPU.Build.0 = Debug|Any CPU
		{9B118FA8-2715-47D7-B1C7-0DB5531C956E}.Release|Any CPU.ActiveCfg = Release|Any CPU
		{9B118FA8-2715-47D7-B1C7-0DB5531C956E}.Release|Any CPU.Build.0 = Release|Any CPU
	EndGlobalSection
	GlobalSection(SolutionProperties) = preSolution
		HideSolutionNode = FALSE
	EndGlobalSection
	GlobalSection(ExtensibilityGlobals) = postSolution
		SolutionGuid = {3A205271-2CFF-464F-8BBF-51569121DBB7}
	EndGlobalSection
EndGlobal
